
Microsoft Visual Studio Solution File, Format Version 12.00
# Visual Studio Version 16
VisualStudioVersion = 16.0.29403.142
MinimumVisualStudioVersion = 10.0.40219.1
Project("{FAE04EC0-301F-11D3-BF4B-00C04F79EFBC}") = "SpeakerPhone", "SpeakerPhone\SpeakerPhone.csproj", "{28748B0C-5901-4774-B994-CA0C6D94EEE7}"
EndProject
Global
	GlobalSection(SolutionConfigurationPlatforms) = preSolution
		Debug|Any CPU = Debug|Any CPU
		Release|Any CPU = Release|Any CPU
	EndGlobalSection
	GlobalSection(ProjectConfigurationPlatforms) = postSolution
		{28748B0C-5901-4774-B994-CA0C6D94EEE7}.Debug|Any CPU.ActiveCfg = Debug|Any CPU
		{28748B0C-5901-4774-B994-CA0C6D94EEE7}.Debug|Any CPU.Build.0 = Debug|Any CPU
		{28748B0C-5901-4774-B994-CA0C6D94EEE7}.Release|Any CPU.ActiveCfg = Release|Any CPU
		{28748B0C-5901-4774-B994-CA0C6D94EEE7}.Release|Any CPU.Build.0 = Release|Any CPU
	EndGlobalSection
	GlobalSection(SolutionProperties) = preSolution
		HideSolutionNode = FALSE
	EndGlobalSection
	GlobalSection(ExtensibilityGlobals) = postSolution
		SolutionGuid = {12E9246F-93B7-4C66-830E-8B64C2D155DD}
	EndGlobalSection
EndGlobal
